
Microsoft Visual Studio Solution File, Format Version 12.00
# Visual Studio Version 17
VisualStudioVersion = 17.8.34330.188
MinimumVisualStudioVersion = 10.0.40219.1
Project("{FAE04EC0-301F-11D3-BF4B-00C04F79EFBC}") = "Task_2", "Task_2\Task_2.csproj", "{D2DDDDB3-D537-483F-81DD-9C3403EC0597}"
EndProject
Global
	GlobalSection(SolutionConfigurationPlatforms) = preSolution
		Debug|Any CPU = Debug|Any CPU
		Release|Any CPU = Release|Any CPU
	EndGlobalSection
	GlobalSection(ProjectConfigurationPlatforms) = postSolution
		{D2DDDDB3-D537-483F-81DD-9C3403EC0597}.Debug|Any CPU.ActiveCfg = Debug|Any CPU
		{D2DDDDB3-D537-483F-81DD-9C3403EC0597}.Debug|Any CPU.Build.0 = Debug|Any CPU
		{D2DDDDB3-D537-483F-81DD-9C3403EC0597}.Release|Any CPU.ActiveCfg = Release|Any CPU
		{D2DDDDB3-D537-483F-81DD-9C3403EC0597}.Release|Any CPU.Build.0 = Release|Any CPU
	EndGlobalSection
	GlobalSection(SolutionProperties) = preSolution
		HideSolutionNode = FALSE
	EndGlobalSection
	GlobalSection(ExtensibilityGlobals) = postSolution
		SolutionGuid = {5A6004C8-1109-4081-AC22-A80815A6CF70}
	EndGlobalSection
EndGlobal
